
Microsoft Visual Studio Solution File, Format Version 12.00
# Visual Studio Version 17
VisualStudioVersion = 17.2.32516.85
MinimumVisualStudioVersion = 10.0.40219.1
Project("{9A19103F-16F7-4668-BE54-9A1E7A4F7556}") = "WebApp", "WebApp\WebApp.csproj", "{B991B422-B440-4958-B5D8-A2CC089DCD2A}"
EndProject
Project("{9A19103F-16F7-4668-BE54-9A1E7A4F7556}") = "WestWindSystem", "WestWindSystem\WestWindSystem.csproj", "{A021AC8E-E70F-41C5-9C24-9316ED8075AD}"
EndProject
Global
	GlobalSection(SolutionConfigurationPlatforms) = preSolution
		Debug|Any CPU = Debug|Any CPU
		Release|Any CPU = Release|Any CPU
	EndGlobalSection
	GlobalSection(ProjectConfigurationPlatforms) = postSolution
		{B991B422-B440-4958-B5D8-A2CC089DCD2A}.Debug|Any CPU.ActiveCfg = Debug|Any CPU
		{B991B422-B440-4958-B5D8-A2CC089DCD2A}.Debug|Any CPU.Build.0 = Debug|Any CPU
		{B991B422-B440-4958-B5D8-A2CC089DCD2A}.Release|Any CPU.ActiveCfg = Release|Any CPU
		{B991B422-B440-4958-B5D8-A2CC089DCD2A}.Release|Any CPU.Build.0 = Release|Any CPU
		{A021AC8E-E70F-41C5-9C24-9316ED8075AD}.Debug|Any CPU.ActiveCfg = Debug|Any CPU
		{A021AC8E-E70F-41C5-9C24-9316ED8075AD}.Debug|Any CPU.Build.0 = Debug|Any CPU
		{A021AC8E-E70F-41C5-9C24-9316ED8075AD}.Release|Any CPU.ActiveCfg = Release|Any CPU
		{A021AC8E-E70F-41C5-9C24-9316ED8075AD}.Release|Any CPU.Build.0 = Release|Any CPU
	EndGlobalSection
	GlobalSection(SolutionProperties) = preSolution
		HideSolutionNode = FALSE
	EndGlobalSection
	GlobalSection(ExtensibilityGlobals) = postSolution
		SolutionGuid = {954F797F-75C3-4F3F-BEE3-6024402261CB}
	EndGlobalSection
EndGlobal
